{
  "name": "vercel-chatgpt",
  "version": "0.0.1",
  "lockfileVersion": 1,
  "requires": true,
  "dependencies": {
    "@vercel/analytics": {
      "version": "0.1.11",
      "resolved": "https://registry.npmjs.org/@vercel/analytics/-/analytics-0.1.11.tgz",
      "integrity": "sha512-mj5CPR02y0BRs1tN3oZcBNAX9a8NxsIUl9vElDPcqxnMfP0RbRc9fI9Ud7+QDg/1Izvt5uMumsr+6YsmVHcyuw=="
    }
  }
}
